lockfileVersion: 5.4

specifiers:
  rescript: ^10.1.0
  rescript-webapi: ^0.7.0

dependencies:
  rescript-webapi: 0.7.0

devDependencies:
  rescript: 10.1.0

packages:

  /rescript-webapi/0.7.0:
    resolution: {integrity: sha512-fA1LPXSmQY3HtcIStQ2sHu9Xye1XLxd4JvkGQMupux9Q6Tp/jbcdh7bnCaGwHW6aI1QFmTmA/xWxUMb6oPphsQ==}
    dev: false

  /rescript/10.1.0:
    resolution: {integrity: sha512-85KLtBECo+hYwObbifXk5xpxUCUFMWgCR1w7hDDGhhXIXqEpHQ2ds6o++YPxzXjLuU1/qA7Iovq2zUX4opejQw==}
    hasBin: true
    requiresBuild: true
    dev: true
